
Microsoft Visual Studio Solution File, Format Version 12.00
# Visual Studio Version 17
VisualStudioVersion = 17.11.35222.181
MinimumVisualStudioVersion = 10.0.40219.1
Project("{FAE04EC0-301F-11D3-BF4B-00C04F79EFBC}") = "FlashRead.Server", "FlashRead.Server\FlashRead.Server.csproj", "{7069B608-A27C-453E-BE27-B4EC57396836}"
EndProject
Project("{54A90642-561A-4BB1-A94E-469ADEE60C69}") = "flashread.client", "flashread.client\flashread.client.esproj", "{16174169-D057-4745-AE07-A7868E3E5157}"
EndProject
Global
	GlobalSection(SolutionConfigurationPlatforms) = preSolution
		Debug|Any CPU = Debug|Any CPU
		Release|Any CPU = Release|Any CPU
	EndGlobalSection
	GlobalSection(ProjectConfigurationPlatforms) = postSolution
		{7069B608-A27C-453E-BE27-B4EC57396836}.Debug|Any CPU.ActiveCfg = Debug|Any CPU
		{7069B608-A27C-453E-BE27-B4EC57396836}.Debug|Any CPU.Build.0 = Debug|Any CPU
		{7069B608-A27C-453E-BE27-B4EC57396836}.Release|Any CPU.ActiveCfg = Release|Any CPU
		{7069B608-A27C-453E-BE27-B4EC57396836}.Release|Any CPU.Build.0 = Release|Any CPU
		{16174169-D057-4745-AE07-A7868E3E5157}.Debug|Any CPU.ActiveCfg = Debug|Any CPU
		{16174169-D057-4745-AE07-A7868E3E5157}.Debug|Any CPU.Build.0 = Debug|Any CPU
		{16174169-D057-4745-AE07-A7868E3E5157}.Debug|Any CPU.Deploy.0 = Debug|Any CPU
		{16174169-D057-4745-AE07-A7868E3E5157}.Release|Any CPU.ActiveCfg = Release|Any CPU
		{16174169-D057-4745-AE07-A7868E3E5157}.Release|Any CPU.Build.0 = Release|Any CPU
		{16174169-D057-4745-AE07-A7868E3E5157}.Release|Any CPU.Deploy.0 = Release|Any CPU
	EndGlobalSection
	GlobalSection(SolutionProperties) = preSolution
		HideSolutionNode = FALSE
	EndGlobalSection
	GlobalSection(ExtensibilityGlobals) = postSolution
		SolutionGuid = {DB74F930-DD69-4E30-9C9D-64F397E17A47}
	EndGlobalSection
EndGlobal
